
Microsoft Visual Studio Solution File, Format Version 12.00
# Visual Studio 2012
Project("{FAE04EC0-301F-11D3-BF4B-00C04F79EFBC}") = "downloader_test", "downloader_test\downloader_test.csproj", "{EE1E35C9-672E-429B-BF4F-3115C4E87E7A}"
EndProject
Global
	GlobalSection(SolutionConfigurationPlatforms) = preSolution
		Debug|x86 = Debug|x86
		Release|x86 = Release|x86
	EndGlobalSection
	GlobalSection(ProjectConfigurationPlatforms) = postSolution
		{EE1E35C9-672E-429B-BF4F-3115C4E87E7A}.Debug|x86.ActiveCfg = Debug|x86
		{EE1E35C9-672E-429B-BF4F-3115C4E87E7A}.Debug|x86.Build.0 = Debug|x86
		{EE1E35C9-672E-429B-BF4F-3115C4E87E7A}.Release|x86.ActiveCfg = Release|x86
		{EE1E35C9-672E-429B-BF4F-3115C4E87E7A}.Release|x86.Build.0 = Release|x86
	EndGlobalSection
	GlobalSection(MonoDevelopProperties) = preSolution
		StartupItem = downloader_test\downloader_test.csproj
	EndGlobalSection
EndGlobal
